
Microsoft Visual Studio Solution File, Format Version 12.00
# Visual Studio Version 16
VisualStudioVersion = 16.0.28729.10
MinimumVisualStudioVersion = 10.0.40219.1
Project("{FAE04EC0-301F-11D3-BF4B-00C04F79EFBC}") = "CleanSimpleProject.Core", "CleanSimpleProject.Core\CleanSimpleProject.Core.csproj", "{FD190073-C406-4CE1-A7BE-10BD87434007}"
EndProject
Global
	GlobalSection(SolutionConfigurationPlatforms) = preSolution
		Debug|Any CPU = Debug|Any CPU
		Release|Any CPU = Release|Any CPU
	EndGlobalSection
	GlobalSection(ProjectConfigurationPlatforms) = postSolution
		{FD190073-C406-4CE1-A7BE-10BD87434007}.Debug|Any CPU.ActiveCfg = Debug|Any CPU
		{FD190073-C406-4CE1-A7BE-10BD87434007}.Debug|Any CPU.Build.0 = Debug|Any CPU
		{FD190073-C406-4CE1-A7BE-10BD87434007}.Release|Any CPU.ActiveCfg = Release|Any CPU
		{FD190073-C406-4CE1-A7BE-10BD87434007}.Release|Any CPU.Build.0 = Release|Any CPU
	EndGlobalSection
	GlobalSection(SolutionProperties) = preSolution
		HideSolutionNode = FALSE
	EndGlobalSection
	GlobalSection(ExtensibilityGlobals) = postSolution
		SolutionGuid = {82EB3A0B-652F-482D-B748-7E96DC1CB065}
	EndGlobalSection
EndGlobal
